// !$*UTF8*$!
{
	archiveVersion = 1;
	classes = {
	};
	objectVersion = 46;
	objects = {

/* Begin PBXBuildFile section */
		8315C95715F22CA800BC6A6E /* UIKit.framework in Frameworks */ = {isa = PBXBuildFile; fileRef = 8315C95615F22CA800BC6A6E /* UIKit.framework */; };
		8315C95915F22CA800BC6A6E /* Foundation.framework in Frameworks */ = {isa = PBXBuildFile; fileRef = 8315C95815F22CA800BC6A6E /* Foundation.framework */; };
		8315C95B15F22CA800BC6A6E /* CoreGraphics.framework in Frameworks */ = {isa = PBXBuildFile; fileRef = 8315C95A15F22CA800BC6A6E /* CoreGraphics.framework */; };
		8315C96115F22CA800BC6A6E /* InfoPlist.strings in Resources */ = {isa = PBXBuildFile; fileRef = 8315C95F15F22CA800BC6A6E /* InfoPlist.strings */; };
		8315C96315F22CA800BC6A6E /* main.m in Sources */ = {isa = PBXBuildFile; fileRef = 8315C96215F22CA800BC6A6E /* main.m */; };
		8315C96715F22CA800BC6A6E /* AppDelegate.m in Sources */ = {isa = PBXBuildFile; fileRef = 8315C96615F22CA800BC6A6E /* AppDelegate.m */; };
		838805F016B2FFE9008CF616 /* NSObject+AssociatedValues.m in Sources */ = {isa = PBXBuildFile; fileRef = 838805E916B2FFE9008CF616 /* NSObject+AssociatedValues.m */; };
		838805F116B2FFE9008CF616 /* UIAlertButton.m in Sources */ = {isa = PBXBuildFile; fileRef = 838805EB16B2FFE9008CF616 /* UIAlertButton.m */; };
		838805F216B2FFE9008CF616 /* UIAlertView+Blocks.m in Sources */ = {isa = PBXBuildFile; fileRef = 838805ED16B2FFE9008CF616 /* UIAlertView+Blocks.m */; };
		838805F316B2FFE9008CF616 /* UIControl+Blocks.m in Sources */ = {isa = PBXBuildFile; fileRef = 838805EF16B2FFE9008CF616 /* UIControl+Blocks.m */; };
		838805F916B30017008CF616 /* Default-568h@2x.png in Resources */ = {isa = PBXBuildFile; fileRef = 838805F716B30017008CF616 /* Default-568h@2x.png */; };
		83D51A3716B2FE940082E221 /* MainViewController.m in Sources */ = {isa = PBXBuildFile; fileRef = 83D51A3616B2FE940082E221 /* MainViewController.m */; };
/* End PBXBuildFile section */

/* Begin PBXFileReference section */
		8315C95215F22CA800BC6A6E /* BlockCategories.app */ = {isa = PBXFileReference; explicitFileType = wrapper.application; includeInIndex = 0; path = BlockCategories.app; sourceTree = BUILT_PRODUCTS_DIR; };
		8315C95615F22CA800BC6A6E /* UIKit.framework */ = {isa = PBXFileReference; lastKnownFileType = wrapper.framework; name = UIKit.framework; path = System/Library/Frameworks/UIKit.framework; sourceTree = SDKROOT; };
		8315C95815F22CA800BC6A6E /* Foundation.framework */ = {isa = PBXFileReference; lastKnownFileType = wrapper.framework; name = Foundation.framework; path = System/Library/Frameworks/Foundation.framework; sourceTree = SDKROOT; };
		8315C95A15F22CA800BC6A6E /* CoreGraphics.framework */ = {isa = PBXFileReference; lastKnownFileType = wrapper.framework; name = CoreGraphics.framework; path = System/Library/Frameworks/CoreGraphics.framework; sourceTree = SDKROOT; };
		8315C95E15F22CA800BC6A6E /* BlockCategories-Info.plist */ = {isa = PBXFileReference; lastKnownFileType = text.plist.xml; path = "BlockCategories-Info.plist"; sourceTree = "<group>"; };
		8315C96015F22CA800BC6A6E /* en */ = {isa = PBXFileReference; lastKnownFileType = text.plist.strings; name = en; path = en.lproj/InfoPlist.strings; sourceTree = "<group>"; };
		8315C96215F22CA800BC6A6E /* main.m */ = {isa = PBXFileReference; lastKnownFileType = sourcecode.c.objc; path = main.m; sourceTree = "<group>"; };
		8315C96415F22CA800BC6A6E /* BlockCategories-Prefix.pch */ = {isa = PBXFileReference; lastKnownFileType = sourcecode.c.h; path = "BlockCategories-Prefix.pch"; sourceTree = "<group>"; };
		8315C96515F22CA800BC6A6E /* AppDelegate.h */ = {isa = PBXFileReference; lastKnownFileType = sourcecode.c.h; path = AppDelegate.h; sourceTree = "<group>"; };
		8315C96615F22CA800BC6A6E /* AppDelegate.m */ = {isa = PBXFileReference; lastKnownFileType = sourcecode.c.objc; path = AppDelegate.m; sourceTree = "<group>"; };
		838805E816B2FFE9008CF616 /* NSObject+AssociatedValues.h */ = {isa = PBXFileReference; fileEncoding = 4; lastKnownFileType = sourcecode.c.h; path = "NSObject+AssociatedValues.h"; sourceTree = "<group>"; };
		838805E916B2FFE9008CF616 /* NSObject+AssociatedValues.m */ = {isa = PBXFileReference; fileEncoding = 4; lastKnownFileType = sourcecode.c.objc; path = "NSObject+AssociatedValues.m"; sourceTree = "<group>"; };
		838805EA16B2FFE9008CF616 /* UIAlertButton.h */ = {isa = PBXFileReference; fileEncoding = 4; lastKnownFileType = sourcecode.c.h; path = UIAlertButton.h; sourceTree = "<group>"; };
		838805EB16B2FFE9008CF616 /* UIAlertButton.m */ = {isa = PBXFileReference; fileEncoding = 4; lastKnownFileType = sourcecode.c.objc; path = UIAlertButton.m; sourceTree = "<group>"; };
		838805EC16B2FFE9008CF616 /* UIAlertView+Blocks.h */ = {isa = PBXFileReference; fileEncoding = 4; lastKnownFileType = sourcecode.c.h; path = "UIAlertView+Blocks.h"; sourceTree = "<group>"; };
		838805ED16B2FFE9008CF616 /* UIAlertView+Blocks.m */ = {isa = PBXFileReference; fileEncoding = 4; lastKnownFileType = sourcecode.c.objc; path = "UIAlertView+Blocks.m"; sourceTree = "<group>"; };
		838805EE16B2FFE9008CF616 /* UIControl+Blocks.h */ = {isa = PBXFileReference; fileEncoding = 4; lastKnownFileType = sourcecode.c.h; path = "UIControl+Blocks.h"; sourceTree = "<group>"; };
		838805EF16B2FFE9008CF616 /* UIControl+Blocks.m */ = {isa = PBXFileReference; fileEncoding = 4; lastKnownFileType = sourcecode.c.objc; path = "UIControl+Blocks.m"; sourceTree = "<group>"; };
		838805F716B30017008CF616 /* Default-568h@2x.png */ = {isa = PBXFileReference; lastKnownFileType = image.png; path = "Default-568h@2x.png"; sourceTree = "<group>"; };
		83D51A3516B2FE940082E221 /* MainViewController.h */ = {isa = PBXFileReference; fileEncoding = 4; lastKnownFileType = sourcecode.c.h; path = MainViewController.h; sourceTree = "<group>"; };
		83D51A3616B2FE940082E221 /* MainViewController.m */ = {isa = PBXFileReference; fileEncoding = 4; lastKnownFileType = sourcecode.c.objc; path = MainViewController.m; sourceTree = "<group>"; };
/* End PBXFileReference section */

/* Begin PBXFrameworksBuildPhase section */
		8315C94F15F22CA800BC6A6E /* Frameworks */ = {
			isa = PBXFrameworksBuildPhase;
			buildActionMask = 2147483647;
			files = (
				8315C95715F22CA800BC6A6E /* UIKit.framework in Frameworks */,
				8315C95915F22CA800BC6A6E /* Foundation.framework in Frameworks */,
				8315C95B15F22CA800BC6A6E /* CoreGraphics.framework in Frameworks */,
			);
			runOnlyForDeploymentPostprocessing = 0;
		};
/* End PBXFrameworksBuildPhase section */

/* Begin PBXGroup section */
		8315C94715F22CA800BC6A6E = {
			isa = PBXGroup;
			children = (
				8315C96515F22CA800BC6A6E /* AppDelegate.h */,
				8315C96615F22CA800BC6A6E /* AppDelegate.m */,
				83D51A3416B2FE940082E221 /* Classes */,
				838805F416B30017008CF616 /* Resources */,
				8315C95D15F22CA800BC6A6E /* Supporting Files */,
				8315C95515F22CA800BC6A6E /* Frameworks */,
				8315C95315F22CA800BC6A6E /* Products */,
			);
			sourceTree = "<group>";
		};
		8315C95315F22CA800BC6A6E /* Products */ = {
			isa = PBXGroup;
			children = (
				8315C95215F22CA800BC6A6E /* BlockCategories.app */,
			);
			name = Products;
			sourceTree = "<group>";
		};
		8315C95515F22CA800BC6A6E /* Frameworks */ = {
			isa = PBXGroup;
			children = (
				8315C95615F22CA800BC6A6E /* UIKit.framework */,
				8315C95815F22CA800BC6A6E /* Foundation.framework */,
				8315C95A15F22CA800BC6A6E /* CoreGraphics.framework */,
			);
			name = Frameworks;
			sourceTree = "<group>";
		};
		8315C95D15F22CA800BC6A6E /* Supporting Files */ = {
			isa = PBXGroup;
			children = (
				8315C95E15F22CA800BC6A6E /* BlockCategories-Info.plist */,
				8315C95F15F22CA800BC6A6E /* InfoPlist.strings */,
				8315C96215F22CA800BC6A6E /* main.m */,
				8315C96415F22CA800BC6A6E /* BlockCategories-Prefix.pch */,
			);
			path = "Supporting Files";
			sourceTree = "<group>";
		};
		838805E616B2FFE9008CF616 /* Categories */ = {
			isa = PBXGroup;
			children = (
				838805E816B2FFE9008CF616 /* NSObject+AssociatedValues.h */,
				838805E916B2FFE9008CF616 /* NSObject+AssociatedValues.m */,
				838805EA16B2FFE9008CF616 /* UIAlertButton.h */,
				838805EB16B2FFE9008CF616 /* UIAlertButton.m */,
				838805EC16B2FFE9008CF616 /* UIAlertView+Blocks.h */,
				838805ED16B2FFE9008CF616 /* UIAlertView+Blocks.m */,
				838805EE16B2FFE9008CF616 /* UIControl+Blocks.h */,
				838805EF16B2FFE9008CF616 /* UIControl+Blocks.m */,
			);
			path = Categories;
			sourceTree = "<group>";
		};
		838805F416B30017008CF616 /* Resources */ = {
			isa = PBXGroup;
			children = (
				838805F516B30017008CF616 /* AppImages */,
			);
			path = Resources;
			sourceTree = "<group>";
		};
		838805F516B30017008CF616 /* AppImages */ = {
			isa = PBXGroup;
			children = (
				838805F616B30017008CF616 /* Defaults */,
				838805F816B30017008CF616 /* Icons */,
			);
			path = AppImages;
			sourceTree = "<group>";
		};
		838805F616B30017008CF616 /* Defaults */ = {
			isa = PBXGroup;
			children = (
				838805F716B30017008CF616 /* Default-568h@2x.png */,
			);
			path = Defaults;
			sourceTree = "<group>";
		};
		838805F816B30017008CF616 /* Icons */ = {
			isa = PBXGroup;
			children = (
			);
			path = Icons;
			sourceTree = "<group>";
		};
		83D51A3416B2FE940082E221 /* Classes */ = {
			isa = PBXGroup;
			children = (
				838805E616B2FFE9008CF616 /* Categories */,
				83D51A3516B2FE940082E221 /* MainViewController.h */,
				83D51A3616B2FE940082E221 /* MainViewController.m */,
			);
			path = Classes;
			sourceTree = "<group>";
		};
/* End PBXGroup section */

/* Begin PBXNativeTarget section */
		8315C95115F22CA800BC6A6E /* BlockCategories */ = {
			isa = PBXNativeTarget;
			buildConfigurationList = 8315C96A15F22CA800BC6A6E /* Build configuration list for PBXNativeTarget "BlockCategories" */;
			buildPhases = (
				8315C94E15F22CA800BC6A6E /* Sources */,
				8315C94F15F22CA800BC6A6E /* Frameworks */,
				8315C95015F22CA800BC6A6E /* Resources */,
			);
			buildRules = (
			);
			dependencies = (
			);
			name = BlockCategories;
			productName = BlockCategories;
			productReference = 8315C95215F22CA800BC6A6E /* BlockCategories.app */;
			productType = "com.apple.product-type.application";
		};
/* End PBXNativeTarget section */

/* Begin PBXProject section */
		8315C94915F22CA800BC6A6E /* Project object */ = {
			isa = PBXProject;
			attributes = {
				LastUpgradeCheck = 0440;
				ORGANIZATIONNAME = "Christophe Knage";
			};
			buildConfigurationList = 8315C94C15F22CA800BC6A6E /* Build configuration list for PBXProject "BlockCategories" */;
			compatibilityVersion = "Xcode 3.2";
			developmentRegion = English;
			hasScannedForEncodings = 0;
			knownRegions = (
				en,
			);
			mainGroup = 8315C94715F22CA800BC6A6E;
			productRefGroup = 8315C95315F22CA800BC6A6E /* Products */;
			projectDirPath = "";
			projectRoot = "";
			targets = (
				8315C95115F22CA800BC6A6E /* BlockCategories */,
			);
		};
/* End PBXProject section */

/* Begin PBXResourcesBuildPhase section */
		8315C95015F22CA800BC6A6E /* Resources */ = {
			isa = PBXResourcesBuildPhase;
			buildActionMask = 2147483647;
			files = (
				8315C96115F22CA800BC6A6E /* InfoPlist.strings in Resources */,
				838805F916B30017008CF616 /* Default-568h@2x.png in Resources */,
			);
			runOnlyForDeploymentPostprocessing = 0;
		};
/* End PBXResourcesBuildPhase section */

/* Begin PBXSourcesBuildPhase section */
		8315C94E15F22CA800BC6A6E /* Sources */ = {
			isa = PBXSourcesBuildPhase;
			buildActionMask = 2147483647;
			files = (
				8315C96315F22CA800BC6A6E /* main.m in Sources */,
				8315C96715F22CA800BC6A6E /* AppDelegate.m in Sources */,
				83D51A3716B2FE940082E221 /* MainViewController.m in Sources */,
				838805F016B2FFE9008CF616 /* NSObject+AssociatedValues.m in Sources */,
				838805F116B2FFE9008CF616 /* UIAlertButton.m in Sources */,
				838805F216B2FFE9008CF616 /* UIAlertView+Blocks.m in Sources */,
				838805F316B2FFE9008CF616 /* UIControl+Blocks.m in Sources */,
			);
			runOnlyForDeploymentPostprocessing = 0;
		};
/* End PBXSourcesBuildPhase section */

/* Begin PBXVariantGroup section */
		8315C95F15F22CA800BC6A6E /* InfoPlist.strings */ = {
			isa = PBXVariantGroup;
			children = (
				8315C96015F22CA800BC6A6E /* en */,
			);
			name = InfoPlist.strings;
			sourceTree = "<group>";
		};
/* End PBXVariantGroup section */

/* Begin XCBuildConfiguration section */
		8315C96815F22CA800BC6A6E /* Debug */ = {
			isa = XCBuildConfiguration;
			buildSettings = {
				ALWAYS_SEARCH_USER_PATHS = NO;
				ARCHS = "$(ARCHS_STANDARD_32_BIT)";
				CLANG_CXX_LANGUAGE_STANDARD = "gnu++0x";
				CLANG_ENABLE_OBJC_ARC = YES;
				CLANG_WARN__DUPLICATE_METHOD_MATCH = YES;
				"CODE_SIGN_IDENTITY[sdk=iphoneos*]" = "iPhone Developer";
				COPY_PHASE_STRIP = NO;
				GCC_C_LANGUAGE_STANDARD = gnu99;
				GCC_DYNAMIC_NO_PIC = NO;
				GCC_OPTIMIZATION_LEVEL = 0;
				GCC_PREPROCESSOR_DEFINITIONS = (
					"DEBUG=1",
					"$(inherited)",
				);
				GCC_SYMBOLS_PRIVATE_EXTERN = NO;
				GCC_VERSION = com.apple.compilers.llvm.clang.1_0;
				GCC_WARN_ABOUT_RETURN_TYPE = YES;
				GCC_WARN_UNINITIALIZED_AUTOS = YES;
				GCC_WARN_UNUSED_VARIABLE = YES;
				IPHONEOS_DEPLOYMENT_TARGET = 5.1;
				SDKROOT = iphoneos;
			};
			name = Debug;
		};
		8315C96915F22CA800BC6A6E /* Release */ = {
			isa = XCBuildConfiguration;
			buildSettings = {
				ALWAYS_SEARCH_USER_PATHS = NO;
				ARCHS = "$(ARCHS_STANDARD_32_BIT)";
				CLANG_CXX_LANGUAGE_STANDARD = "gnu++0x";
				CLANG_ENABLE_OBJC_ARC = YES;
				CLANG_WARN__DUPLICATE_METHOD_MATCH = YES;
				"CODE_SIGN_IDENTITY[sdk=iphoneos*]" = "iPhone Developer";
				COPY_PHASE_STRIP = YES;
				GCC_C_LANGUAGE_STANDARD = gnu99;
				GCC_VERSION = com.apple.compilers.llvm.clang.1_0;
				GCC_WARN_ABOUT_RETURN_TYPE = YES;
				GCC_WARN_UNINITIALIZED_AUTOS = YES;
				GCC_WARN_UNUSED_VARIABLE = YES;
				IPHONEOS_DEPLOYMENT_TARGET = 5.1;
				OTHER_CFLAGS = "-DNS_BLOCK_ASSERTIONS=1";
				SDKROOT = iphoneos;
				VALIDATE_PRODUCT = YES;
			};
			name = Release;
		};
		8315C96B15F22CA800BC6A6E /* Debug */ = {
			isa = XCBuildConfiguration;
			buildSettings = {
				GCC_PRECOMPILE_PREFIX_HEADER = YES;
				GCC_PREFIX_HEADER = "Supporting Files/BlockCategories-Prefix.pch";
				INFOPLIST_FILE = "Supporting Files/BlockCategories-Info.plist";
				PRODUCT_NAME = "$(TARGET_NAME)";
				WRAPPER_EXTENSION = app;
			};
			name = Debug;
		};
		8315C96C15F22CA800BC6A6E /* Release */ = {
			isa = XCBuildConfiguration;
			buildSettings = {
				GCC_PRECOMPILE_PREFIX_HEADER = YES;
				GCC_PREFIX_HEADER = "Supporting Files/BlockCategories-Prefix.pch";
				INFOPLIST_FILE = "Supporting Files/BlockCategories-Info.plist";
				PRODUCT_NAME = "$(TARGET_NAME)";
				WRAPPER_EXTENSION = app;
			};
			name = Release;
		};
/* End XCBuildConfiguration section */

/* Begin XCConfigurationList section */
		8315C94C15F22CA800BC6A6E /* Build configuration list for PBXProject "BlockCategories" */ = {
			isa = XCConfigurationList;
			buildConfigurations = (
				8315C96815F22CA800BC6A6E /* Debug */,
				8315C96915F22CA800BC6A6E /* Release */,
			);
			defaultConfigurationIsVisible = 0;
			defaultConfigurationName = Release;
		};
		8315C96A15F22CA800BC6A6E /* Build configuration list for PBXNativeTarget "BlockCategories" */ = {
			isa = XCConfigurationList;
			buildConfigurations = (
				8315C96B15F22CA800BC6A6E /* Debug */,
				8315C96C15F22CA800BC6A6E /* Release */,
			);
			defaultConfigurationIsVisible = 0;
			defaultConfigurationName = Release;
		};
/* End XCConfigurationList section */
	};
	rootObject = 8315C94915F22CA800BC6A6E /* Project object */;
}
