// !$*UTF8*$!
{
	archiveVersion = 1;
	classes = {
	};
	objectVersion = 46;
	objects = {

/* Begin PBXBuildFile section */
		8315C95715F22CA800BC6A6E /* UIKit.framework in Frameworks */ = {isa = PBXBuildFile; fileRef = 8315C95615F22CA800BC6A6E /* UIKit.framework */; };
		8315C95915F22CA800BC6A6E /* Foundation.framework in Frameworks */ = {isa = PBXBuildFile; fileRef = 8315C95815F22CA800BC6A6E /* Foundation.framework */; };
		8315C95B15F22CA800BC6A6E /* CoreGraphics.framework in Frameworks */ = {isa = PBXBuildFile; fileRef = 8315C95A15F22CA800BC6A6E /* CoreGraphics.framework */; };
		8315C96115F22CA800BC6A6E /* InfoPlist.strings in Resources */ = {isa = PBXBuildFile; fileRef = 8315C95F15F22CA800BC6A6E /* InfoPlist.strings */; };
		8315C96315F22CA800BC6A6E /* main.m in Sources */ = {isa = PBXBuildFile; fileRef = 8315C96215F22CA800BC6A6E /* main.m */; };
		8380A0B81858BB3C002FDE22 /* NSObject+AssociatedValues.m in Sources */ = {isa = PBXBuildFile; fileRef = 8380A0AF1858BB3C002FDE22 /* NSObject+AssociatedValues.m */; };
		8380A0B91858BB3C002FDE22 /* BBAlertButton.m in Sources */ = {isa = PBXBuildFile; fileRef = 8380A0B21858BB3C002FDE22 /* BBAlertButton.m */; };
		8380A0BA1858BB3C002FDE22 /* UIAlertView+Blocks.m in Sources */ = {isa = PBXBuildFile; fileRef = 8380A0B41858BB3C002FDE22 /* UIAlertView+Blocks.m */; };
		8380A0BB1858BB3C002FDE22 /* UIControl+Blocks.m in Sources */ = {isa = PBXBuildFile; fileRef = 8380A0B71858BB3C002FDE22 /* UIControl+Blocks.m */; };
		8380A0FC1858BC0B002FDE22 /* AppDelegate.m in Sources */ = {isa = PBXBuildFile; fileRef = 8380A0F91858BC0B002FDE22 /* AppDelegate.m */; };
		8380A0FD1858BC0B002FDE22 /* MainViewController.m in Sources */ = {isa = PBXBuildFile; fileRef = 8380A0FB1858BC0B002FDE22 /* MainViewController.m */; };
		838805F916B30017008CF616 /* Default-568h@2x.png in Resources */ = {isa = PBXBuildFile; fileRef = 838805F716B30017008CF616 /* Default-568h@2x.png */; };
		83DE124416B4137A00154C71 /* Default.png in Resources */ = {isa = PBXBuildFile; fileRef = 83DE124216B4137A00154C71 /* Default.png */; };
		83DE124516B4137A00154C71 /* Default@2x.png in Resources */ = {isa = PBXBuildFile; fileRef = 83DE124316B4137A00154C71 /* Default@2x.png */; };
/* End PBXBuildFile section */

/* Begin PBXFileReference section */
		8315C95215F22CA800BC6A6E /* ObjcBasicBlocks.app */ = {isa = PBXFileReference; explicitFileType = wrapper.application; includeInIndex = 0; path = ObjcBasicBlocks.app; sourceTree = BUILT_PRODUCTS_DIR; };
		8315C95615F22CA800BC6A6E /* UIKit.framework */ = {isa = PBXFileReference; lastKnownFileType = wrapper.framework; name = UIKit.framework; path = System/Library/Frameworks/UIKit.framework; sourceTree = SDKROOT; };
		8315C95815F22CA800BC6A6E /* Foundation.framework */ = {isa = PBXFileReference; lastKnownFileType = wrapper.framework; name = Foundation.framework; path = System/Library/Frameworks/Foundation.framework; sourceTree = SDKROOT; };
		8315C95A15F22CA800BC6A6E /* CoreGraphics.framework */ = {isa = PBXFileReference; lastKnownFileType = wrapper.framework; name = CoreGraphics.framework; path = System/Library/Frameworks/CoreGraphics.framework; sourceTree = SDKROOT; };
		8315C95E15F22CA800BC6A6E /* ObjcBasicBlocks-Info.plist */ = {isa = PBXFileReference; lastKnownFileType = text.plist.xml; path = "ObjcBasicBlocks-Info.plist"; sourceTree = "<group>"; };
		8315C96015F22CA800BC6A6E /* en */ = {isa = PBXFileReference; lastKnownFileType = text.plist.strings; name = en; path = en.lproj/InfoPlist.strings; sourceTree = "<group>"; };
		8315C96215F22CA800BC6A6E /* main.m */ = {isa = PBXFileReference; lastKnownFileType = sourcecode.c.objc; path = main.m; sourceTree = "<group>"; };
		8315C96415F22CA800BC6A6E /* ObjcBasicBlocks-Prefix.pch */ = {isa = PBXFileReference; lastKnownFileType = sourcecode.c.h; path = "ObjcBasicBlocks-Prefix.pch"; sourceTree = "<group>"; };
		8380A0AE1858BB3C002FDE22 /* NSObject+AssociatedValues.h */ = {isa = PBXFileReference; fileEncoding = 4; lastKnownFileType = sourcecode.c.h; path = "NSObject+AssociatedValues.h"; sourceTree = "<group>"; };
		8380A0AF1858BB3C002FDE22 /* NSObject+AssociatedValues.m */ = {isa = PBXFileReference; fileEncoding = 4; lastKnownFileType = sourcecode.c.objc; path = "NSObject+AssociatedValues.m"; sourceTree = "<group>"; };
		8380A0B11858BB3C002FDE22 /* BBAlertButton.h */ = {isa = PBXFileReference; fileEncoding = 4; lastKnownFileType = sourcecode.c.h; path = BBAlertButton.h; sourceTree = "<group>"; };
		8380A0B21858BB3C002FDE22 /* BBAlertButton.m */ = {isa = PBXFileReference; fileEncoding = 4; lastKnownFileType = sourcecode.c.objc; path = BBAlertButton.m; sourceTree = "<group>"; };
		8380A0B31858BB3C002FDE22 /* UIAlertView+Blocks.h */ = {isa = PBXFileReference; fileEncoding = 4; lastKnownFileType = sourcecode.c.h; path = "UIAlertView+Blocks.h"; sourceTree = "<group>"; };
		8380A0B41858BB3C002FDE22 /* UIAlertView+Blocks.m */ = {isa = PBXFileReference; fileEncoding = 4; lastKnownFileType = sourcecode.c.objc; path = "UIAlertView+Blocks.m"; sourceTree = "<group>"; };
		8380A0B61858BB3C002FDE22 /* UIControl+Blocks.h */ = {isa = PBXFileReference; fileEncoding = 4; lastKnownFileType = sourcecode.c.h; path = "UIControl+Blocks.h"; sourceTree = "<group>"; };
		8380A0B71858BB3C002FDE22 /* UIControl+Blocks.m */ = {isa = PBXFileReference; fileEncoding = 4; lastKnownFileType = sourcecode.c.objc; path = "UIControl+Blocks.m"; sourceTree = "<group>"; };
		8380A0F81858BC0B002FDE22 /* AppDelegate.h */ = {isa = PBXFileReference; fileEncoding = 4; lastKnownFileType = sourcecode.c.h; path = AppDelegate.h; sourceTree = "<group>"; };
		8380A0F91858BC0B002FDE22 /* AppDelegate.m */ = {isa = PBXFileReference; fileEncoding = 4; lastKnownFileType = sourcecode.c.objc; path = AppDelegate.m; sourceTree = "<group>"; };
		8380A0FA1858BC0B002FDE22 /* MainViewController.h */ = {isa = PBXFileReference; fileEncoding = 4; lastKnownFileType = sourcecode.c.h; path = MainViewController.h; sourceTree = "<group>"; };
		8380A0FB1858BC0B002FDE22 /* MainViewController.m */ = {isa = PBXFileReference; fileEncoding = 4; lastKnownFileType = sourcecode.c.objc; path = MainViewController.m; sourceTree = "<group>"; };
		8380A0FE1858C1CA002FDE22 /* BBScope.h */ = {isa = PBXFileReference; lastKnownFileType = sourcecode.c.h; path = BBScope.h; sourceTree = "<group>"; };
		838805F716B30017008CF616 /* Default-568h@2x.png */ = {isa = PBXFileReference; lastKnownFileType = image.png; path = "Default-568h@2x.png"; sourceTree = "<group>"; };
		83DE124216B4137A00154C71 /* Default.png */ = {isa = PBXFileReference; lastKnownFileType = image.png; path = Default.png; sourceTree = "<group>"; };
		83DE124316B4137A00154C71 /* Default@2x.png */ = {isa = PBXFileReference; lastKnownFileType = image.png; path = "Default@2x.png"; sourceTree = "<group>"; };
/* End PBXFileReference section */

/* Begin PBXFrameworksBuildPhase section */
		8315C94F15F22CA800BC6A6E /* Frameworks */ = {
			isa = PBXFrameworksBuildPhase;
			buildActionMask = 2147483647;
			files = (
				8315C95715F22CA800BC6A6E /* UIKit.framework in Frameworks */,
				8315C95915F22CA800BC6A6E /* Foundation.framework in Frameworks */,
				8315C95B15F22CA800BC6A6E /* CoreGraphics.framework in Frameworks */,
			);
			runOnlyForDeploymentPostprocessing = 0;
		};
/* End PBXFrameworksBuildPhase section */

/* Begin PBXGroup section */
		8315C94715F22CA800BC6A6E = {
			isa = PBXGroup;
			children = (
				8380A0F71858BC0B002FDE22 /* Demo */,
				8380A0AC1858BB3C002FDE22 /* ObjcBasicBlocks */,
				838805F416B30017008CF616 /* Resources */,
				8315C95D15F22CA800BC6A6E /* Supporting Files */,
				8315C95515F22CA800BC6A6E /* Frameworks */,
				8315C95315F22CA800BC6A6E /* Products */,
			);
			sourceTree = "<group>";
		};
		8315C95315F22CA800BC6A6E /* Products */ = {
			isa = PBXGroup;
			children = (
				8315C95215F22CA800BC6A6E /* ObjcBasicBlocks.app */,
			);
			name = Products;
			sourceTree = "<group>";
		};
		8315C95515F22CA800BC6A6E /* Frameworks */ = {
			isa = PBXGroup;
			children = (
				8315C95615F22CA800BC6A6E /* UIKit.framework */,
				8315C95815F22CA800BC6A6E /* Foundation.framework */,
				8315C95A15F22CA800BC6A6E /* CoreGraphics.framework */,
			);
			name = Frameworks;
			sourceTree = "<group>";
		};
		8315C95D15F22CA800BC6A6E /* Supporting Files */ = {
			isa = PBXGroup;
			children = (
				8315C95E15F22CA800BC6A6E /* ObjcBasicBlocks-Info.plist */,
				8315C95F15F22CA800BC6A6E /* InfoPlist.strings */,
				8315C96215F22CA800BC6A6E /* main.m */,
				8315C96415F22CA800BC6A6E /* ObjcBasicBlocks-Prefix.pch */,
			);
			path = "Supporting Files";
			sourceTree = "<group>";
		};
		8380A0AC1858BB3C002FDE22 /* ObjcBasicBlocks */ = {
			isa = PBXGroup;
			children = (
				8380A0FE1858C1CA002FDE22 /* BBScope.h */,
				8380A0AD1858BB3C002FDE22 /* NSObject */,
				8380A0B01858BB3C002FDE22 /* UIAlertView */,
				8380A0B51858BB3C002FDE22 /* UIControl */,
			);
			path = ObjcBasicBlocks;
			sourceTree = "<group>";
		};
		8380A0AD1858BB3C002FDE22 /* NSObject */ = {
			isa = PBXGroup;
			children = (
				8380A0AE1858BB3C002FDE22 /* NSObject+AssociatedValues.h */,
				8380A0AF1858BB3C002FDE22 /* NSObject+AssociatedValues.m */,
			);
			path = NSObject;
			sourceTree = "<group>";
		};
		8380A0B01858BB3C002FDE22 /* UIAlertView */ = {
			isa = PBXGroup;
			children = (
				8380A0B11858BB3C002FDE22 /* BBAlertButton.h */,
				8380A0B21858BB3C002FDE22 /* BBAlertButton.m */,
				8380A0B31858BB3C002FDE22 /* UIAlertView+Blocks.h */,
				8380A0B41858BB3C002FDE22 /* UIAlertView+Blocks.m */,
			);
			path = UIAlertView;
			sourceTree = "<group>";
		};
		8380A0B51858BB3C002FDE22 /* UIControl */ = {
			isa = PBXGroup;
			children = (
				8380A0B61858BB3C002FDE22 /* UIControl+Blocks.h */,
				8380A0B71858BB3C002FDE22 /* UIControl+Blocks.m */,
			);
			path = UIControl;
			sourceTree = "<group>";
		};
		8380A0F71858BC0B002FDE22 /* Demo */ = {
			isa = PBXGroup;
			children = (
				8380A0F81858BC0B002FDE22 /* AppDelegate.h */,
				8380A0F91858BC0B002FDE22 /* AppDelegate.m */,
				8380A0FA1858BC0B002FDE22 /* MainViewController.h */,
				8380A0FB1858BC0B002FDE22 /* MainViewController.m */,
			);
			path = Demo;
			sourceTree = "<group>";
		};
		838805F416B30017008CF616 /* Resources */ = {
			isa = PBXGroup;
			children = (
				838805F516B30017008CF616 /* AppImages */,
			);
			path = Resources;
			sourceTree = "<group>";
		};
		838805F516B30017008CF616 /* AppImages */ = {
			isa = PBXGroup;
			children = (
				838805F616B30017008CF616 /* Defaults */,
				838805F816B30017008CF616 /* Icons */,
			);
			path = AppImages;
			sourceTree = "<group>";
		};
		838805F616B30017008CF616 /* Defaults */ = {
			isa = PBXGroup;
			children = (
				838805F716B30017008CF616 /* Default-568h@2x.png */,
				83DE124216B4137A00154C71 /* Default.png */,
				83DE124316B4137A00154C71 /* Default@2x.png */,
			);
			path = Defaults;
			sourceTree = "<group>";
		};
		838805F816B30017008CF616 /* Icons */ = {
			isa = PBXGroup;
			children = (
			);
			path = Icons;
			sourceTree = "<group>";
		};
/* End PBXGroup section */

/* Begin PBXNativeTarget section */
		8315C95115F22CA800BC6A6E /* ObjcBasicBlocks */ = {
			isa = PBXNativeTarget;
			buildConfigurationList = 8315C96A15F22CA800BC6A6E /* Build configuration list for PBXNativeTarget "ObjcBasicBlocks" */;
			buildPhases = (
				8315C94E15F22CA800BC6A6E /* Sources */,
				8315C94F15F22CA800BC6A6E /* Frameworks */,
				8315C95015F22CA800BC6A6E /* Resources */,
			);
			buildRules = (
			);
			dependencies = (
			);
			name = ObjcBasicBlocks;
			productName = BlockCategories;
			productReference = 8315C95215F22CA800BC6A6E /* ObjcBasicBlocks.app */;
			productType = "com.apple.product-type.application";
		};
/* End PBXNativeTarget section */

/* Begin PBXProject section */
		8315C94915F22CA800BC6A6E /* Project object */ = {
			isa = PBXProject;
			attributes = {
				LastUpgradeCheck = 0500;
				ORGANIZATIONNAME = "Christophe Knage";
			};
			buildConfigurationList = 8315C94C15F22CA800BC6A6E /* Build configuration list for PBXProject "ObjcBasicBlocks" */;
			compatibilityVersion = "Xcode 3.2";
			developmentRegion = English;
			hasScannedForEncodings = 0;
			knownRegions = (
				en,
			);
			mainGroup = 8315C94715F22CA800BC6A6E;
			productRefGroup = 8315C95315F22CA800BC6A6E /* Products */;
			projectDirPath = "";
			projectRoot = "";
			targets = (
				8315C95115F22CA800BC6A6E /* ObjcBasicBlocks */,
			);
		};
/* End PBXProject section */

/* Begin PBXResourcesBuildPhase section */
		8315C95015F22CA800BC6A6E /* Resources */ = {
			isa = PBXResourcesBuildPhase;
			buildActionMask = 2147483647;
			files = (
				8315C96115F22CA800BC6A6E /* InfoPlist.strings in Resources */,
				838805F916B30017008CF616 /* Default-568h@2x.png in Resources */,
				83DE124416B4137A00154C71 /* Default.png in Resources */,
				83DE124516B4137A00154C71 /* Default@2x.png in Resources */,
			);
			runOnlyForDeploymentPostprocessing = 0;
		};
/* End PBXResourcesBuildPhase section */

/* Begin PBXSourcesBuildPhase section */
		8315C94E15F22CA800BC6A6E /* Sources */ = {
			isa = PBXSourcesBuildPhase;
			buildActionMask = 2147483647;
			files = (
				8315C96315F22CA800BC6A6E /* main.m in Sources */,
				8380A0B91858BB3C002FDE22 /* BBAlertButton.m in Sources */,
				8380A0FC1858BC0B002FDE22 /* AppDelegate.m in Sources */,
				8380A0BB1858BB3C002FDE22 /* UIControl+Blocks.m in Sources */,
				8380A0FD1858BC0B002FDE22 /* MainViewController.m in Sources */,
				8380A0B81858BB3C002FDE22 /* NSObject+AssociatedValues.m in Sources */,
				8380A0BA1858BB3C002FDE22 /* UIAlertView+Blocks.m in Sources */,
			);
			runOnlyForDeploymentPostprocessing = 0;
		};
/* End PBXSourcesBuildPhase section */

/* Begin PBXVariantGroup section */
		8315C95F15F22CA800BC6A6E /* InfoPlist.strings */ = {
			isa = PBXVariantGroup;
			children = (
				8315C96015F22CA800BC6A6E /* en */,
			);
			name = InfoPlist.strings;
			sourceTree = "<group>";
		};
/* End PBXVariantGroup section */

/* Begin XCBuildConfiguration section */
		8315C96815F22CA800BC6A6E /* Debug */ = {
			isa = XCBuildConfiguration;
			buildSettings = {
				ALWAYS_SEARCH_USER_PATHS = NO;
				CLANG_ANALYZER_SECURITY_FLOATLOOPCOUNTER = YES;
				CLANG_CXX_LANGUAGE_STANDARD = "gnu++0x";
				CLANG_ENABLE_OBJC_ARC = YES;
				CLANG_WARN_BOOL_CONVERSION = YES;
				CLANG_WARN_CONSTANT_CONVERSION = YES;
				CLANG_WARN_CXX0X_EXTENSIONS = YES;
				CLANG_WARN_DEPRECATED_OBJC_IMPLEMENTATIONS = YES;
				CLANG_WARN_DOCUMENTATION_COMMENTS = YES;
				CLANG_WARN_EMPTY_BODY = YES;
				CLANG_WARN_ENUM_CONVERSION = YES;
				CLANG_WARN_IMPLICIT_SIGN_CONVERSION = YES;
				CLANG_WARN_INT_CONVERSION = YES;
				CLANG_WARN_OBJC_IMPLICIT_ATOMIC_PROPERTIES = YES;
				CLANG_WARN_OBJC_IMPLICIT_RETAIN_SELF = YES;
				CLANG_WARN_OBJC_RECEIVER_WEAK = YES;
				CLANG_WARN_SUSPICIOUS_IMPLICIT_CONVERSION = YES;
				CLANG_WARN__DUPLICATE_METHOD_MATCH = YES;
				CLANG_WARN__EXIT_TIME_DESTRUCTORS = YES;
				"CODE_SIGN_IDENTITY[sdk=iphoneos*]" = "iPhone Developer";
				COPY_PHASE_STRIP = NO;
				GCC_C_LANGUAGE_STANDARD = gnu99;
				GCC_DYNAMIC_NO_PIC = NO;
				GCC_OPTIMIZATION_LEVEL = 0;
				GCC_PREPROCESSOR_DEFINITIONS = (
					"DEBUG=1",
					"$(inherited)",
				);
				GCC_SYMBOLS_PRIVATE_EXTERN = NO;
				GCC_TREAT_IMPLICIT_FUNCTION_DECLARATIONS_AS_ERRORS = YES;
				GCC_TREAT_INCOMPATIBLE_POINTER_TYPE_WARNINGS_AS_ERRORS = YES;
				GCC_VERSION = com.apple.compilers.llvm.clang.1_0;
				GCC_WARN_64_TO_32_BIT_CONVERSION = YES;
				GCC_WARN_ABOUT_MISSING_FIELD_INITIALIZERS = YES;
				GCC_WARN_ABOUT_MISSING_NEWLINE = YES;
				GCC_WARN_ABOUT_MISSING_PROTOTYPES = YES;
				GCC_WARN_ABOUT_RETURN_TYPE = YES;
				GCC_WARN_FOUR_CHARACTER_CONSTANTS = YES;
				GCC_WARN_HIDDEN_VIRTUAL_FUNCTIONS = YES;
				GCC_WARN_INITIALIZER_NOT_FULLY_BRACKETED = YES;
				GCC_WARN_NON_VIRTUAL_DESTRUCTOR = YES;
				GCC_WARN_SIGN_COMPARE = YES;
				GCC_WARN_STRICT_SELECTOR_MATCH = YES;
				GCC_WARN_UNDECLARED_SELECTOR = YES;
				GCC_WARN_UNINITIALIZED_AUTOS = YES;
				GCC_WARN_UNKNOWN_PRAGMAS = YES;
				GCC_WARN_UNUSED_FUNCTION = YES;
				GCC_WARN_UNUSED_LABEL = YES;
				GCC_WARN_UNUSED_VARIABLE = YES;
				IPHONEOS_DEPLOYMENT_TARGET = 5.0;
				ONLY_ACTIVE_ARCH = YES;
				SDKROOT = iphoneos;
			};
			name = Debug;
		};
		8315C96915F22CA800BC6A6E /* Release */ = {
			isa = XCBuildConfiguration;
			buildSettings = {
				ALWAYS_SEARCH_USER_PATHS = NO;
				CLANG_ANALYZER_SECURITY_FLOATLOOPCOUNTER = YES;
				CLANG_CXX_LANGUAGE_STANDARD = "gnu++0x";
				CLANG_ENABLE_OBJC_ARC = YES;
				CLANG_WARN_BOOL_CONVERSION = YES;
				CLANG_WARN_CONSTANT_CONVERSION = YES;
				CLANG_WARN_CXX0X_EXTENSIONS = YES;
				CLANG_WARN_DEPRECATED_OBJC_IMPLEMENTATIONS = YES;
				CLANG_WARN_DOCUMENTATION_COMMENTS = YES;
				CLANG_WARN_EMPTY_BODY = YES;
				CLANG_WARN_ENUM_CONVERSION = YES;
				CLANG_WARN_IMPLICIT_SIGN_CONVERSION = YES;
				CLANG_WARN_INT_CONVERSION = YES;
				CLANG_WARN_OBJC_IMPLICIT_ATOMIC_PROPERTIES = YES;
				CLANG_WARN_OBJC_IMPLICIT_RETAIN_SELF = YES;
				CLANG_WARN_OBJC_RECEIVER_WEAK = YES;
				CLANG_WARN_SUSPICIOUS_IMPLICIT_CONVERSION = YES;
				CLANG_WARN__DUPLICATE_METHOD_MATCH = YES;
				CLANG_WARN__EXIT_TIME_DESTRUCTORS = YES;
				"CODE_SIGN_IDENTITY[sdk=iphoneos*]" = "iPhone Developer";
				COPY_PHASE_STRIP = YES;
				GCC_C_LANGUAGE_STANDARD = gnu99;
				GCC_TREAT_IMPLICIT_FUNCTION_DECLARATIONS_AS_ERRORS = YES;
				GCC_TREAT_INCOMPATIBLE_POINTER_TYPE_WARNINGS_AS_ERRORS = YES;
				GCC_VERSION = com.apple.compilers.llvm.clang.1_0;
				GCC_WARN_64_TO_32_BIT_CONVERSION = YES;
				GCC_WARN_ABOUT_MISSING_FIELD_INITIALIZERS = YES;
				GCC_WARN_ABOUT_MISSING_NEWLINE = YES;
				GCC_WARN_ABOUT_MISSING_PROTOTYPES = YES;
				GCC_WARN_ABOUT_RETURN_TYPE = YES;
				GCC_WARN_FOUR_CHARACTER_CONSTANTS = YES;
				GCC_WARN_HIDDEN_VIRTUAL_FUNCTIONS = YES;
				GCC_WARN_INITIALIZER_NOT_FULLY_BRACKETED = YES;
				GCC_WARN_NON_VIRTUAL_DESTRUCTOR = YES;
				GCC_WARN_SIGN_COMPARE = YES;
				GCC_WARN_STRICT_SELECTOR_MATCH = YES;
				GCC_WARN_UNDECLARED_SELECTOR = YES;
				GCC_WARN_UNINITIALIZED_AUTOS = YES;
				GCC_WARN_UNKNOWN_PRAGMAS = YES;
				GCC_WARN_UNUSED_FUNCTION = YES;
				GCC_WARN_UNUSED_LABEL = YES;
				GCC_WARN_UNUSED_VARIABLE = YES;
				IPHONEOS_DEPLOYMENT_TARGET = 5.0;
				OTHER_CFLAGS = "-DNS_BLOCK_ASSERTIONS=1";
				SDKROOT = iphoneos;
				VALIDATE_PRODUCT = YES;
			};
			name = Release;
		};
		8315C96B15F22CA800BC6A6E /* Debug */ = {
			isa = XCBuildConfiguration;
			buildSettings = {
				GCC_PRECOMPILE_PREFIX_HEADER = YES;
				GCC_PREFIX_HEADER = "Supporting Files/ObjcBasicBlocks-Prefix.pch";
				INFOPLIST_FILE = "Supporting Files/ObjcBasicBlocks-Info.plist";
				PRODUCT_NAME = ObjcBasicBlocks;
				WRAPPER_EXTENSION = app;
			};
			name = Debug;
		};
		8315C96C15F22CA800BC6A6E /* Release */ = {
			isa = XCBuildConfiguration;
			buildSettings = {
				GCC_PRECOMPILE_PREFIX_HEADER = YES;
				GCC_PREFIX_HEADER = "Supporting Files/ObjcBasicBlocks-Prefix.pch";
				INFOPLIST_FILE = "Supporting Files/ObjcBasicBlocks-Info.plist";
				PRODUCT_NAME = ObjcBasicBlocks;
				WRAPPER_EXTENSION = app;
			};
			name = Release;
		};
/* End XCBuildConfiguration section */

/* Begin XCConfigurationList section */
		8315C94C15F22CA800BC6A6E /* Build configuration list for PBXProject "ObjcBasicBlocks" */ = {
			isa = XCConfigurationList;
			buildConfigurations = (
				8315C96815F22CA800BC6A6E /* Debug */,
				8315C96915F22CA800BC6A6E /* Release */,
			);
			defaultConfigurationIsVisible = 0;
			defaultConfigurationName = Release;
		};
		8315C96A15F22CA800BC6A6E /* Build configuration list for PBXNativeTarget "ObjcBasicBlocks" */ = {
			isa = XCConfigurationList;
			buildConfigurations = (
				8315C96B15F22CA800BC6A6E /* Debug */,
				8315C96C15F22CA800BC6A6E /* Release */,
			);
			defaultConfigurationIsVisible = 0;
			defaultConfigurationName = Release;
		};
/* End XCConfigurationList section */
	};
	rootObject = 8315C94915F22CA800BC6A6E /* Project object */;
}
